
Microsoft Visual Studio Solution File, Format Version 12.00
# Visual Studio Version 17
VisualStudioVersion = 17.0.32112.339
MinimumVisualStudioVersion = 10.0.40219.1
Project("{FAE04EC0-301F-11D3-BF4B-00C04F79EFBC}") = "DynamicFizzBuzz", "DynamicFizzBuzz\DynamicFizzBuzz.csproj", "{463123C1-211C-41F0-AFA3-8C81CC977C1C}"
EndProject
Project("{FAE04EC0-301F-11D3-BF4B-00C04F79EFBC}") = "DynamicFizzBuzz.Tests", "DynamicFizzBuzz.Tests\DynamicFizzBuzz.Tests.csproj", "{EBD2B407-3433-491B-ADD4-1806B7912C61}"
EndProject
Global
	GlobalSection(SolutionConfigurationPlatforms) = preSolution
		Debug|Any CPU = Debug|Any CPU
		Release|Any CPU = Release|Any CPU
	EndGlobalSection
	GlobalSection(ProjectConfigurationPlatforms) = postSolution
		{463123C1-211C-41F0-AFA3-8C81CC977C1C}.Debug|Any CPU.ActiveCfg = Debug|Any CPU
		{463123C1-211C-41F0-AFA3-8C81CC977C1C}.Debug|Any CPU.Build.0 = Debug|Any CPU
		{463123C1-211C-41F0-AFA3-8C81CC977C1C}.Release|Any CPU.ActiveCfg = Release|Any CPU
		{463123C1-211C-41F0-AFA3-8C81CC977C1C}.Release|Any CPU.Build.0 = Release|Any CPU
		{EBD2B407-3433-491B-ADD4-1806B7912C61}.Debug|Any CPU.ActiveCfg = Debug|Any CPU
		{EBD2B407-3433-491B-ADD4-1806B7912C61}.Debug|Any CPU.Build.0 = Debug|Any CPU
		{EBD2B407-3433-491B-ADD4-1806B7912C61}.Release|Any CPU.ActiveCfg = Release|Any CPU
		{EBD2B407-3433-491B-ADD4-1806B7912C61}.Release|Any CPU.Build.0 = Release|Any CPU
	EndGlobalSection
	GlobalSection(SolutionProperties) = preSolution
		HideSolutionNode = FALSE
	EndGlobalSection
	GlobalSection(ExtensibilityGlobals) = postSolution
		SolutionGuid = {5941AD9A-2E93-400C-AA10-153A53BFB044}
	EndGlobalSection
EndGlobal
